
Microsoft Visual Studio Solution File, Format Version 12.00
# Visual Studio Version 16
VisualStudioVersion = 16.0.29418.71
MinimumVisualStudioVersion = 10.0.40219.1
Project("{FAE04EC0-301F-11D3-BF4B-00C04F79EFBC}") = "marantz-control-mp-plugin", "marantz-control-mp-plugin\marantz-control-mp-plugin.csproj", "{A49F6EFF-F7BE-40DF-8FAC-D400C2271F5C}"
EndProject
Project("{2150E333-8FDC-42A3-9474-1A3956D46DE8}") = "Solution Items", "Solution Items", "{AECB3DBF-FDC5-486D-ABBF-EBE8BDED84DB}"
	ProjectSection(SolutionItems) = preProject
		marantz-control-mp-plugin\MPEI\marantzcontrol.xmp2 = marantz-control-mp-plugin\MPEI\marantzcontrol.xmp2
	EndProjectSection
EndProject
Global
	GlobalSection(SolutionConfigurationPlatforms) = preSolution
		Debug|Any CPU = Debug|Any CPU
		Release|Any CPU = Release|Any CPU
	EndGlobalSection
	GlobalSection(ProjectConfigurationPlatforms) = postSolution
		{A49F6EFF-F7BE-40DF-8FAC-D400C2271F5C}.Debug|Any CPU.ActiveCfg = Debug|Any CPU
		{A49F6EFF-F7BE-40DF-8FAC-D400C2271F5C}.Debug|Any CPU.Build.0 = Debug|Any CPU
		{A49F6EFF-F7BE-40DF-8FAC-D400C2271F5C}.Release|Any CPU.ActiveCfg = Release|Any CPU
		{A49F6EFF-F7BE-40DF-8FAC-D400C2271F5C}.Release|Any CPU.Build.0 = Release|Any CPU
	EndGlobalSection
	GlobalSection(SolutionProperties) = preSolution
		HideSolutionNode = FALSE
	EndGlobalSection
	GlobalSection(ExtensibilityGlobals) = postSolution
		SolutionGuid = {2076114A-2510-4AAA-8B13-437D1A72CD8F}
	EndGlobalSection
EndGlobal
